PODS:
  - JXBifrost (0.1.0)
  - JXLoginSDK (0.1.1):
    - JXBifrost
    - JXUserDataSDK
  - JXUserDataSDK (0.1.2)

DEPENDENCIES:
  - JXLoginSDK (from `../`)

SPEC REPOS:
  https://github.com/MrLeoZou/componentizationDemo:
    - JXBifrost
    - JXUserDataSDK

EXTERNAL SOURCES:
  JXLoginSDK:
    :path: "../"

SPEC CHECKSUMS:
  JXBifrost: 14d3e4068d974ecdfda78881d0027735b46e7b3e
  JXLoginSDK: 995b48326d737fa92de92807206fffb470bad310
  JXUserDataSDK: d5d5c22d47fa6918cf7a8931427203dfee5e501b

PODFILE CHECKSUM: 5f9832da002a58b7f0fee00ed97b52d1342409f2

COCOAPODS: 1.10.1
